
Microsoft Visual Studio Solution File, Format Version 12.00
# Visual Studio 15
VisualStudioVersion = 15.0.27130.2027
MinimumVisualStudioVersion = 10.0.40219.1
Project("{FAE04EC0-301F-11D3-BF4B-00C04F79EFBC}") = "WeatherClient", "WeatherClient\WeatherClient.csproj", "{3904BF23-E9B5-4A85-B865-F0F8057BBCEF}"
EndProject
Global
	GlobalSection(SolutionConfigurationPlatforms) = preSolution
		Debug|Any CPU = Debug|Any CPU
		Release|Any CPU = Release|Any CPU
	EndGlobalSection
	GlobalSection(ProjectConfigurationPlatforms) = postSolution
		{3904BF23-E9B5-4A85-B865-F0F8057BBCEF}.Debug|Any CPU.ActiveCfg = Debug|Any CPU
		{3904BF23-E9B5-4A85-B865-F0F8057BBCEF}.Debug|Any CPU.Build.0 = Debug|Any CPU
		{3904BF23-E9B5-4A85-B865-F0F8057BBCEF}.Release|Any CPU.ActiveCfg = Release|Any CPU
		{3904BF23-E9B5-4A85-B865-F0F8057BBCEF}.Release|Any CPU.Build.0 = Release|Any CPU
	EndGlobalSection
	GlobalSection(SolutionProperties) = preSolution
		HideSolutionNode = FALSE
	EndGlobalSection
	GlobalSection(ExtensibilityGlobals) = postSolution
		SolutionGuid = {73C67DC2-E746-4D6E-9351-87B2DDA14B79}
	EndGlobalSection
EndGlobal
