
Microsoft Visual Studio Solution File, Format Version 12.00
# Visual Studio 15
VisualStudioVersion = 15.0.27130.2024
MinimumVisualStudioVersion = 10.0.40219.1
Project("{FAE04EC0-301F-11D3-BF4B-00C04F79EFBC}") = "RestfulLabSMSClient", "RestfulLabSMSClient\RestfulLabSMSClient.csproj", "{33D1FC05-6200-4CA3-B83A-62D955D89A6C}"
EndProject
Global
	GlobalSection(SolutionConfigurationPlatforms) = preSolution
		Debug|Any CPU = Debug|Any CPU
		Release|Any CPU = Release|Any CPU
	EndGlobalSection
	GlobalSection(ProjectConfigurationPlatforms) = postSolution
		{33D1FC05-6200-4CA3-B83A-62D955D89A6C}.Debug|Any CPU.ActiveCfg = Debug|Any CPU
		{33D1FC05-6200-4CA3-B83A-62D955D89A6C}.Debug|Any CPU.Build.0 = Debug|Any CPU
		{33D1FC05-6200-4CA3-B83A-62D955D89A6C}.Release|Any CPU.ActiveCfg = Release|Any CPU
		{33D1FC05-6200-4CA3-B83A-62D955D89A6C}.Release|Any CPU.Build.0 = Release|Any CPU
	EndGlobalSection
	GlobalSection(SolutionProperties) = preSolution
		HideSolutionNode = FALSE
	EndGlobalSection
	GlobalSection(ExtensibilityGlobals) = postSolution
		SolutionGuid = {956C04F0-6726-461C-AAC6-04DA4C71E6DD}
	EndGlobalSection
EndGlobal
